
Microsoft Visual Studio Solution File, Format Version 12.00
# Visual Studio 15
VisualStudioVersion = 15.0.26730.3
MinimumVisualStudioVersion = 10.0.40219.1
Project("{FAE04EC0-301F-11D3-BF4B-00C04F79EFBC}") = "โปรเจคจบตกปลา", "โปรเจคจบตกปลา\โปรเจคจบตกปลา.csproj", "{A96E4007-978A-4315-8467-287ED900EF2F}"
EndProject
Project("{54435603-DBB4-11D2-8724-00A0C9A8B90C}") = "Fish game doo doo doo", "Fish game doo doo doo\Fish game doo doo doo.vdproj", "{5192988D-0430-4F7A-A576-F7941E2615F4}"
EndProject
Global
	GlobalSection(SolutionConfigurationPlatforms) = preSolution
		Debug|Any CPU = Debug|Any CPU
		Release|Any CPU = Release|Any CPU
	EndGlobalSection
	GlobalSection(ProjectConfigurationPlatforms) = postSolution
		{A96E4007-978A-4315-8467-287ED900EF2F}.Debug|Any CPU.ActiveCfg = Debug|Any CPU
		{A96E4007-978A-4315-8467-287ED900EF2F}.Debug|Any CPU.Build.0 = Debug|Any CPU
		{A96E4007-978A-4315-8467-287ED900EF2F}.Release|Any CPU.ActiveCfg = Release|Any CPU
		{A96E4007-978A-4315-8467-287ED900EF2F}.Release|Any CPU.Build.0 = Release|Any CPU
		{5192988D-0430-4F7A-A576-F7941E2615F4}.Debug|Any CPU.ActiveCfg = Debug
		{5192988D-0430-4F7A-A576-F7941E2615F4}.Release|Any CPU.ActiveCfg = Release
	EndGlobalSection
	GlobalSection(SolutionProperties) = preSolution
		HideSolutionNode = FALSE
	EndGlobalSection
	GlobalSection(ExtensibilityGlobals) = postSolution
		SolutionGuid = {5446D34B-FF85-480E-8A85-DA024430A7DD}
	EndGlobalSection
EndGlobal
